// !$*UTF8*$!
{
	archiveVersion = 1;
	classes = {
	};
	objectVersion = 46;
	objects = {

/* Begin PBXBuildFile section */
		B1704B1E1A3A60BC008A08A3 /* AppDelegate.swift in Sources */ = {isa = PBXBuildFile; fileRef = B1704B1D1A3A60BC008A08A3 /* AppDelegate.swift */; };
		B1704B201A3A60BC008A08A3 /* ViewController.swift in Sources */ = {isa = PBXBuildFile; fileRef = B1704B1F1A3A60BC008A08A3 /* ViewController.swift */; };
		B1704B231A3A60BC008A08A3 /* Main.storyboard in Resources */ = {isa = PBXBuildFile; fileRef = B1704B211A3A60BC008A08A3 /* Main.storyboard */; };
		B1704B251A3A60BC008A08A3 /* Images.xcassets in Resources */ = {isa = PBXBuildFile; fileRef = B1704B241A3A60BC008A08A3 /* Images.xcassets */; };
		B1704B281A3A60BC008A08A3 /* LaunchScreen.xib in Resources */ = {isa = PBXBuildFile; fileRef = B1704B261A3A60BC008A08A3 /* LaunchScreen.xib */; };
		B1704B341A3A60BD008A08A3 /* ShoeConverterTests.swift in Sources */ = {isa = PBXBuildFile; fileRef = B1704B331A3A60BD008A08A3 /* ShoeConverterTests.swift */; };
/* End PBXBuildFile section */

/* Begin PBXContainerItemProxy section */
		B1704B2E1A3A60BD008A08A3 /* PBXContainerItemProxy */ = {
			isa = PBXContainerItemProxy;
			containerPortal = B1704B101A3A60BC008A08A3 /* Project object */;
			proxyType = 1;
			remoteGlobalIDString = B1704B171A3A60BC008A08A3;
			remoteInfo = ShoeConverter;
		};
/* End PBXContainerItemProxy section */

/* Begin PBXFileReference section */
		B1704B181A3A60BC008A08A3 /* ShoeConverter.app */ = {isa = PBXFileReference; explicitFileType = wrapper.application; includeInIndex = 0; path = ShoeConverter.app; sourceTree = BUILT_PRODUCTS_DIR; };
		B1704B1C1A3A60BC008A08A3 /* Info.plist */ = {isa = PBXFileReference; lastKnownFileType = text.plist.xml; path = Info.plist; sourceTree = "<group>"; };
		B1704B1D1A3A60BC008A08A3 /* AppDelegate.swift */ = {isa = PBXFileReference; lastKnownFileType = sourcecode.swift; path = AppDelegate.swift; sourceTree = "<group>"; };
		B1704B1F1A3A60BC008A08A3 /* ViewController.swift */ = {isa = PBXFileReference; lastKnownFileType = sourcecode.swift; path = ViewController.swift; sourceTree = "<group>"; };
		B1704B221A3A60BC008A08A3 /* Base */ = {isa = PBXFileReference; lastKnownFileType = file.storyboard; name = Base; path = Base.lproj/Main.storyboard; sourceTree = "<group>"; };
		B1704B241A3A60BC008A08A3 /* Images.xcassets */ = {isa = PBXFileReference; lastKnownFileType = folder.assetcatalog; path = Images.xcassets; sourceTree = "<group>"; };
		B1704B271A3A60BC008A08A3 /* Base */ = {isa = PBXFileReference; lastKnownFileType = file.xib; name = Base; path = Base.lproj/LaunchScreen.xib; sourceTree = "<group>"; };
		B1704B2D1A3A60BD008A08A3 /* ShoeConverterTests.xctest */ = {isa = PBXFileReference; explicitFileType = wrapper.cfbundle; includeInIndex = 0; path = ShoeConverterTests.xctest; sourceTree = BUILT_PRODUCTS_DIR; };
		B1704B321A3A60BD008A08A3 /* Info.plist */ = {isa = PBXFileReference; lastKnownFileType = text.plist.xml; path = Info.plist; sourceTree = "<group>"; };
		B1704B331A3A60BD008A08A3 /* ShoeConverterTests.swift */ = {isa = PBXFileReference; lastKnownFileType = sourcecode.swift; path = ShoeConverterTests.swift; sourceTree = "<group>"; };
/* End PBXFileReference section */

/* Begin PBXFrameworksBuildPhase section */
		B1704B151A3A60BC008A08A3 /* Frameworks */ = {
			isa = PBXFrameworksBuildPhase;
			buildActionMask = 2147483647;
			files = (
			);
			runOnlyForDeploymentPostprocessing = 0;
		};
		B1704B2A1A3A60BD008A08A3 /* Frameworks */ = {
			isa = PBXFrameworksBuildPhase;
			buildActionMask = 2147483647;
			files = (
			);
			runOnlyForDeploymentPostprocessing = 0;
		};
/* End PBXFrameworksBuildPhase section */

/* Begin PBXGroup section */
		B1704B0F1A3A60BC008A08A3 = {
			isa = PBXGroup;
			children = (
				B1704B1A1A3A60BC008A08A3 /* ShoeConverter */,
				B1704B301A3A60BD008A08A3 /* ShoeConverterTests */,
				B1704B191A3A60BC008A08A3 /* Products */,
			);
			sourceTree = "<group>";
		};
		B1704B191A3A60BC008A08A3 /* Products */ = {
			isa = PBXGroup;
			children = (
				B1704B181A3A60BC008A08A3 /* ShoeConverter.app */,
				B1704B2D1A3A60BD008A08A3 /* ShoeConverterTests.xctest */,
			);
			name = Products;
			sourceTree = "<group>";
		};
		B1704B1A1A3A60BC008A08A3 /* ShoeConverter */ = {
			isa = PBXGroup;
			children = (
				B1704B1D1A3A60BC008A08A3 /* AppDelegate.swift */,
				B1704B1F1A3A60BC008A08A3 /* ViewController.swift */,
				B1704B211A3A60BC008A08A3 /* Main.storyboard */,
				B1704B241A3A60BC008A08A3 /* Images.xcassets */,
				B1704B261A3A60BC008A08A3 /* LaunchScreen.xib */,
				B1704B1B1A3A60BC008A08A3 /* Supporting Files */,
			);
			path = ShoeConverter;
			sourceTree = "<group>";
		};
		B1704B1B1A3A60BC008A08A3 /* Supporting Files */ = {
			isa = PBXGroup;
			children = (
				B1704B1C1A3A60BC008A08A3 /* Info.plist */,
			);
			name = "Supporting Files";
			sourceTree = "<group>";
		};
		B1704B301A3A60BD008A08A3 /* ShoeConverterTests */ = {
			isa = PBXGroup;
			children = (
				B1704B331A3A60BD008A08A3 /* ShoeConverterTests.swift */,
				B1704B311A3A60BD008A08A3 /* Supporting Files */,
			);
			path = ShoeConverterTests;
			sourceTree = "<group>";
		};
		B1704B311A3A60BD008A08A3 /* Supporting Files */ = {
			isa = PBXGroup;
			children = (
				B1704B321A3A60BD008A08A3 /* Info.plist */,
			);
			name = "Supporting Files";
			sourceTree = "<group>";
		};
/* End PBXGroup section */

/* Begin PBXNativeTarget section */
		B1704B171A3A60BC008A08A3 /* ShoeConverter */ = {
			isa = PBXNativeTarget;
			buildConfigurationList = B1704B371A3A60BD008A08A3 /* Build configuration list for PBXNativeTarget "ShoeConverter" */;
			buildPhases = (
				B1704B141A3A60BC008A08A3 /* Sources */,
				B1704B151A3A60BC008A08A3 /* Frameworks */,
				B1704B161A3A60BC008A08A3 /* Resources */,
			);
			buildRules = (
			);
			dependencies = (
			);
			name = ShoeConverter;
			productName = ShoeConverter;
			productReference = B1704B181A3A60BC008A08A3 /* ShoeConverter.app */;
			productType = "com.apple.product-type.application";
		};
		B1704B2C1A3A60BD008A08A3 /* ShoeConverterTests */ = {
			isa = PBXNativeTarget;
			buildConfigurationList = B1704B3A1A3A60BD008A08A3 /* Build configuration list for PBXNativeTarget "ShoeConverterTests" */;
			buildPhases = (
				B1704B291A3A60BD008A08A3 /* Sources */,
				B1704B2A1A3A60BD008A08A3 /* Frameworks */,
				B1704B2B1A3A60BD008A08A3 /* Resources */,
			);
			buildRules = (
			);
			dependencies = (
				B1704B2F1A3A60BD008A08A3 /* PBXTargetDependency */,
			);
			name = ShoeConverterTests;
			productName = ShoeConverterTests;
			productReference = B1704B2D1A3A60BD008A08A3 /* ShoeConverterTests.xctest */;
			productType = "com.apple.product-type.bundle.unit-test";
		};
/* End PBXNativeTarget section */

/* Begin PBXProject section */
		B1704B101A3A60BC008A08A3 /* Project object */ = {
			isa = PBXProject;
			attributes = {
				LastUpgradeCheck = 0610;
				ORGANIZATIONNAME = "Jason Leibowitz";
				TargetAttributes = {
					B1704B171A3A60BC008A08A3 = {
						CreatedOnToolsVersion = 6.1.1;
					};
					B1704B2C1A3A60BD008A08A3 = {
						CreatedOnToolsVersion = 6.1.1;
						TestTargetID = B1704B171A3A60BC008A08A3;
					};
				};
			};
			buildConfigurationList = B1704B131A3A60BC008A08A3 /* Build configuration list for PBXProject "ShoeConverter" */;
			compatibilityVersion = "Xcode 3.2";
			developmentRegion = English;
			hasScannedForEncodings = 0;
			knownRegions = (
				en,
				Base,
			);
			mainGroup = B1704B0F1A3A60BC008A08A3;
			productRefGroup = B1704B191A3A60BC008A08A3 /* Products */;
			projectDirPath = "";
			projectRoot = "";
			targets = (
				B1704B171A3A60BC008A08A3 /* ShoeConverter */,
				B1704B2C1A3A60BD008A08A3 /* ShoeConverterTests */,
			);
		};
/* End PBXProject section */

/* Begin PBXResourcesBuildPhase section */
		B1704B161A3A60BC008A08A3 /* Resources */ = {
			isa = PBXResourcesBuildPhase;
			buildActionMask = 2147483647;
			files = (
				B1704B231A3A60BC008A08A3 /* Main.storyboard in Resources */,
				B1704B281A3A60BC008A08A3 /* LaunchScreen.xib in Resources */,
				B1704B251A3A60BC008A08A3 /* Images.xcassets in Resources */,
			);
			runOnlyForDeploymentPostprocessing = 0;
		};
		B1704B2B1A3A60BD008A08A3 /* Resources */ = {
			isa = PBXResourcesBuildPhase;
			buildActionMask = 2147483647;
			files = (
			);
			runOnlyForDeploymentPostprocessing = 0;
		};
/* End PBXResourcesBuildPhase section */

/* Begin PBXSourcesBuildPhase section */
		B1704B141A3A60BC008A08A3 /* Sources */ = {
			isa = PBXSourcesBuildPhase;
			buildActionMask = 2147483647;
			files = (
				B1704B201A3A60BC008A08A3 /* ViewController.swift in Sources */,
				B1704B1E1A3A60BC008A08A3 /* AppDelegate.swift in Sources */,
			);
			runOnlyForDeploymentPostprocessing = 0;
		};
		B1704B291A3A60BD008A08A3 /* Sources */ = {
			isa = PBXSourcesBuildPhase;
			buildActionMask = 2147483647;
			files = (
				B1704B341A3A60BD008A08A3 /* ShoeConverterTests.swift in Sources */,
			);
			runOnlyForDeploymentPostprocessing = 0;
		};
/* End PBXSourcesBuildPhase section */

/* Begin PBXTargetDependency section */
		B1704B2F1A3A60BD008A08A3 /* PBXTargetDependency */ = {
			isa = PBXTargetDependency;
			target = B1704B171A3A60BC008A08A3 /* ShoeConverter */;
			targetProxy = B1704B2E1A3A60BD008A08A3 /* PBXContainerItemProxy */;
		};
/* End PBXTargetDependency section */

/* Begin PBXVariantGroup section */
		B1704B211A3A60BC008A08A3 /* Main.storyboard */ = {
			isa = PBXVariantGroup;
			children = (
				B1704B221A3A60BC008A08A3 /* Base */,
			);
			name = Main.storyboard;
			sourceTree = "<group>";
		};
		B1704B261A3A60BC008A08A3 /* LaunchScreen.xib */ = {
			isa = PBXVariantGroup;
			children = (
				B1704B271A3A60BC008A08A3 /* Base */,
			);
			name = LaunchScreen.xib;
			sourceTree = "<group>";
		};
/* End PBXVariantGroup section */

/* Begin XCBuildConfiguration section */
		B1704B351A3A60BD008A08A3 /* Debug */ = {
			isa = XCBuildConfiguration;
			buildSettings = {
				ALWAYS_SEARCH_USER_PATHS = NO;
				CLANG_CXX_LANGUAGE_STANDARD = "gnu++0x";
				CLANG_CXX_LIBRARY = "libc++";
				CLANG_ENABLE_MODULES = YES;
				CLANG_ENABLE_OBJC_ARC = YES;
				CLANG_WARN_BOOL_CONVERSION = YES;
				CLANG_WARN_CONSTANT_CONVERSION = YES;
				CLANG_WARN_DIRECT_OBJC_ISA_USAGE = YES_ERROR;
				CLANG_WARN_EMPTY_BODY = YES;
				CLANG_WARN_ENUM_CONVERSION = YES;
				CLANG_WARN_INT_CONVERSION = YES;
				CLANG_WARN_OBJC_ROOT_CLASS = YES_ERROR;
				CLANG_WARN_UNREACHABLE_CODE = YES;
				CLANG_WARN__DUPLICATE_METHOD_MATCH = YES;
				"CODE_SIGN_IDENTITY[sdk=iphoneos*]" = "iPhone Developer";
				COPY_PHASE_STRIP = NO;
				ENABLE_STRICT_OBJC_MSGSEND = YES;
				GCC_C_LANGUAGE_STANDARD = gnu99;
				GCC_DYNAMIC_NO_PIC = NO;
				GCC_OPTIMIZATION_LEVEL = 0;
				GCC_PREPROCESSOR_DEFINITIONS = (
					"DEBUG=1",
					"$(inherited)",
				);
				GCC_SYMBOLS_PRIVATE_EXTERN = NO;
				GCC_WARN_64_TO_32_BIT_CONVERSION = YES;
				GCC_WARN_ABOUT_RETURN_TYPE = YES_ERROR;
				GCC_WARN_UNDECLARED_SELECTOR = YES;
				GCC_WARN_UNINITIALIZED_AUTOS = YES_AGGRESSIVE;
				GCC_WARN_UNUSED_FUNCTION = YES;
				GCC_WARN_UNUSED_VARIABLE = YES;
				IPHONEOS_DEPLOYMENT_TARGET = 8.1;
				MTL_ENABLE_DEBUG_INFO = YES;
				ONLY_ACTIVE_ARCH = YES;
				SDKROOT = iphoneos;
				SWIFT_OPTIMIZATION_LEVEL = "-Onone";
				TARGETED_DEVICE_FAMILY = "1,2";
			};
			name = Debug;
		};
		B1704B361A3A60BD008A08A3 /* Release */ = {
			isa = XCBuildConfiguration;
			buildSettings = {
				ALWAYS_SEARCH_USER_PATHS = NO;
				CLANG_CXX_LANGUAGE_STANDARD = "gnu++0x";
				CLANG_CXX_LIBRARY = "libc++";
				CLANG_ENABLE_MODULES = YES;
				CLANG_ENABLE_OBJC_ARC = YES;
				CLANG_WARN_BOOL_CONVERSION = YES;
				CLANG_WARN_CONSTANT_CONVERSION = YES;
				CLANG_WARN_DIRECT_OBJC_ISA_USAGE = YES_ERROR;
				CLANG_WARN_EMPTY_BODY = YES;
				CLANG_WARN_ENUM_CONVERSION = YES;
				CLANG_WARN_INT_CONVERSION = YES;
				CLANG_WARN_OBJC_ROOT_CLASS = YES_ERROR;
				CLANG_WARN_UNREACHABLE_CODE = YES;
				CLANG_WARN__DUPLICATE_METHOD_MATCH = YES;
				"CODE_SIGN_IDENTITY[sdk=iphoneos*]" = "iPhone Developer";
				COPY_PHASE_STRIP = YES;
				ENABLE_NS_ASSERTIONS = NO;
				ENABLE_STRICT_OBJC_MSGSEND = YES;
				GCC_C_LANGUAGE_STANDARD = gnu99;
				GCC_WARN_64_TO_32_BIT_CONVERSION = YES;
				GCC_WARN_ABOUT_RETURN_TYPE = YES_ERROR;
				GCC_WARN_UNDECLARED_SELECTOR = YES;
				GCC_WARN_UNINITIALIZED_AUTOS = YES_AGGRESSIVE;
				GCC_WARN_UNUSED_FUNCTION = YES;
				GCC_WARN_UNUSED_VARIABLE = YES;
				IPHONEOS_DEPLOYMENT_TARGET = 8.1;
				MTL_ENABLE_DEBUG_INFO = NO;
				SDKROOT = iphoneos;
				TARGETED_DEVICE_FAMILY = "1,2";
				VALIDATE_PRODUCT = YES;
			};
			name = Release;
		};
		B1704B381A3A60BD008A08A3 /* Debug */ = {
			isa = XCBuildConfiguration;
			buildSettings = {
				ASSETCATALOG_COMPILER_APPICON_NAME = AppIcon;
				INFOPLIST_FILE = ShoeConverter/Info.plist;
				LD_RUNPATH_SEARCH_PATHS = "$(inherited) @executable_path/Frameworks";
				PRODUCT_NAME = "$(TARGET_NAME)";
			};
			name = Debug;
		};
		B1704B391A3A60BD008A08A3 /* Release */ = {
			isa = XCBuildConfiguration;
			buildSettings = {
				ASSETCATALOG_COMPILER_APPICON_NAME = AppIcon;
				INFOPLIST_FILE = ShoeConverter/Info.plist;
				LD_RUNPATH_SEARCH_PATHS = "$(inherited) @executable_path/Frameworks";
				PRODUCT_NAME = "$(TARGET_NAME)";
			};
			name = Release;
		};
		B1704B3B1A3A60BD008A08A3 /* Debug */ = {
			isa = XCBuildConfiguration;
			buildSettings = {
				BUNDLE_LOADER = "$(TEST_HOST)";
				FRAMEWORK_SEARCH_PATHS = (
					"$(SDKROOT)/Developer/Library/Frameworks",
					"$(inherited)",
				);
				GCC_PREPROCESSOR_DEFINITIONS = (
					"DEBUG=1",
					"$(inherited)",
				);
				INFOPLIST_FILE = ShoeConverterTests/Info.plist;
				LD_RUNPATH_SEARCH_PATHS = "$(inherited) @executable_path/Frameworks @loader_path/Frameworks";
				PRODUCT_NAME = "$(TARGET_NAME)";
				TEST_HOST = "$(BUILT_PRODUCTS_DIR)/ShoeConverter.app/ShoeConverter";
			};
			name = Debug;
		};
		B1704B3C1A3A60BD008A08A3 /* Release */ = {
			isa = XCBuildConfiguration;
			buildSettings = {
				BUNDLE_LOADER = "$(TEST_HOST)";
				FRAMEWORK_SEARCH_PATHS = (
					"$(SDKROOT)/Developer/Library/Frameworks",
					"$(inherited)",
				);
				INFOPLIST_FILE = ShoeConverterTests/Info.plist;
				LD_RUNPATH_SEARCH_PATHS = "$(inherited) @executable_path/Frameworks @loader_path/Frameworks";
				PRODUCT_NAME = "$(TARGET_NAME)";
				TEST_HOST = "$(BUILT_PRODUCTS_DIR)/ShoeConverter.app/ShoeConverter";
			};
			name = Release;
		};
/* End XCBuildConfiguration section */

/* Begin XCConfigurationList section */
		B1704B131A3A60BC008A08A3 /* Build configuration list for PBXProject "ShoeConverter" */ = {
			isa = XCConfigurationList;
			buildConfigurations = (
				B1704B351A3A60BD008A08A3 /* Debug */,
				B1704B361A3A60BD008A08A3 /* Release */,
			);
			defaultConfigurationIsVisible = 0;
			defaultConfigurationName = Release;
		};
		B1704B371A3A60BD008A08A3 /* Build configuration list for PBXNativeTarget "ShoeConverter" */ = {
			isa = XCConfigurationList;
			buildConfigurations = (
				B1704B381A3A60BD008A08A3 /* Debug */,
				B1704B391A3A60BD008A08A3 /* Release */,
			);
			defaultConfigurationIsVisible = 0;
		};
		B1704B3A1A3A60BD008A08A3 /* Build configuration list for PBXNativeTarget "ShoeConverterTests" */ = {
			isa = XCConfigurationList;
			buildConfigurations = (
				B1704B3B1A3A60BD008A08A3 /* Debug */,
				B1704B3C1A3A60BD008A08A3 /* Release */,
			);
			defaultConfigurationIsVisible = 0;
		};
/* End XCConfigurationList section */
	};
	rootObject = B1704B101A3A60BC008A08A3 /* Project object */;
}
